
Microsoft Visual Studio Solution File, Format Version 12.00
# Visual Studio Version 17
VisualStudioVersion = 17.9.34616.47
MinimumVisualStudioVersion = 10.0.40219.1
Project("{9A19103F-16F7-4668-BE54-9A1E7A4F7556}") = "NoodleCV.App", "NoodleCV.App\NoodleCV.App.csproj", "{0DD04546-1C1C-4D0B-A6F6-489EE66D628A}"
EndProject
Project("{9A19103F-16F7-4668-BE54-9A1E7A4F7556}") = "NoodleCV.App.Desktop", "NoodleCV.App.Desktop\NoodleCV.App.Desktop.csproj", "{74298F79-BDA5-453E-929D-127025D58173}"
EndProject
Project("{FAE04EC0-301F-11D3-BF4B-00C04F79EFBC}") = "NoodleCV.Engine", "NoodleCV.Engine\NoodleCV.Engine.csproj", "{0EE23EDE-06B1-4BBC-805E-7304ED417B97}"
EndProject
Global
	GlobalSection(SolutionConfigurationPlatforms) = preSolution
		Debug|Any CPU = Debug|Any CPU
		Release|Any CPU = Release|Any CPU
	EndGlobalSection
	GlobalSection(ProjectConfigurationPlatforms) = postSolution
		{0DD04546-1C1C-4D0B-A6F6-489EE66D628A}.Debug|Any CPU.ActiveCfg = Debug|Any CPU
		{0DD04546-1C1C-4D0B-A6F6-489EE66D628A}.Debug|Any CPU.Build.0 = Debug|Any CPU
		{0DD04546-1C1C-4D0B-A6F6-489EE66D628A}.Release|Any CPU.ActiveCfg = Release|Any CPU
		{0DD04546-1C1C-4D0B-A6F6-489EE66D628A}.Release|Any CPU.Build.0 = Release|Any CPU
		{74298F79-BDA5-453E-929D-127025D58173}.Debug|Any CPU.ActiveCfg = Debug|Any CPU
		{74298F79-BDA5-453E-929D-127025D58173}.Debug|Any CPU.Build.0 = Debug|Any CPU
		{74298F79-BDA5-453E-929D-127025D58173}.Release|Any CPU.ActiveCfg = Release|Any CPU
		{74298F79-BDA5-453E-929D-127025D58173}.Release|Any CPU.Build.0 = Release|Any CPU
		{0EE23EDE-06B1-4BBC-805E-7304ED417B97}.Debug|Any CPU.ActiveCfg = Debug|Any CPU
		{0EE23EDE-06B1-4BBC-805E-7304ED417B97}.Debug|Any CPU.Build.0 = Debug|Any CPU
		{0EE23EDE-06B1-4BBC-805E-7304ED417B97}.Release|Any CPU.ActiveCfg = Release|Any CPU
		{0EE23EDE-06B1-4BBC-805E-7304ED417B97}.Release|Any CPU.Build.0 = Release|Any CPU
	EndGlobalSection
	GlobalSection(SolutionProperties) = preSolution
		HideSolutionNode = FALSE
	EndGlobalSection
	GlobalSection(ExtensibilityGlobals) = postSolution
		SolutionGuid = {1AA0EAF2-3E29-4CDF-B7C0-52B427282035}
	EndGlobalSection
EndGlobal
